
Microsoft Visual Studio Solution File, Format Version 12.00
# Visual Studio Version 17
VisualStudioVersion = 17.5.002.0
MinimumVisualStudioVersion = 10.0.40219.1
Project("{9A19103F-16F7-4668-BE54-9A1E7A4F7556}") = "TemelKonular", "TemelKonular\TemelKonular.csproj", "{22D12380-6FBE-4A0C-84A9-CF3ADC179B81}"
EndProject
Global
	GlobalSection(SolutionConfigurationPlatforms) = preSolution
		Debug|Any CPU = Debug|Any CPU
		Release|Any CPU = Release|Any CPU
	EndGlobalSection
	GlobalSection(ProjectConfigurationPlatforms) = postSolution
		{22D12380-6FBE-4A0C-84A9-CF3ADC179B81}.Debug|Any CPU.ActiveCfg = Debug|Any CPU
		{22D12380-6FBE-4A0C-84A9-CF3ADC179B81}.Debug|Any CPU.Build.0 = Debug|Any CPU
		{22D12380-6FBE-4A0C-84A9-CF3ADC179B81}.Release|Any CPU.ActiveCfg = Release|Any CPU
		{22D12380-6FBE-4A0C-84A9-CF3ADC179B81}.Release|Any CPU.Build.0 = Release|Any CPU
	EndGlobalSection
	GlobalSection(SolutionProperties) = preSolution
		HideSolutionNode = FALSE
	EndGlobalSection
	GlobalSection(ExtensibilityGlobals) = postSolution
		SolutionGuid = {69B123BF-6D97-4A62-914C-D96CC8E7CE9E}
	EndGlobalSection
EndGlobal
