
Microsoft Visual Studio Solution File, Format Version 12.00
# Visual Studio Version 17
VisualStudioVersion = 17.9.34728.123
MinimumVisualStudioVersion = 10.0.40219.1
Project("{9A19103F-16F7-4668-BE54-9A1E7A4F7556}") = "StoreApp.web", "StoreApp.web.csproj", "{7C8CBC31-49CE-42FF-859E-ADCACDDAA525}"
EndProject
Project("{FAE04EC0-301F-11D3-BF4B-00C04F79EFBC}") = "StoreApp.data", "..\StoreApp.data\StoreApp.data.csproj", "{4C1A5BB2-5010-4D49-902C-1E3A95C6E3A7}"
EndProject
Global
	GlobalSection(SolutionConfigurationPlatforms) = preSolution
		Debug|Any CPU = Debug|Any CPU
		Release|Any CPU = Release|Any CPU
	EndGlobalSection
	GlobalSection(ProjectConfigurationPlatforms) = postSolution
		{7C8CBC31-49CE-42FF-859E-ADCACDDAA525}.Debug|Any CPU.ActiveCfg = Debug|Any CPU
		{7C8CBC31-49CE-42FF-859E-ADCACDDAA525}.Debug|Any CPU.Build.0 = Debug|Any CPU
		{7C8CBC31-49CE-42FF-859E-ADCACDDAA525}.Release|Any CPU.ActiveCfg = Release|Any CPU
		{7C8CBC31-49CE-42FF-859E-ADCACDDAA525}.Release|Any CPU.Build.0 = Release|Any CPU
		{4C1A5BB2-5010-4D49-902C-1E3A95C6E3A7}.Debug|Any CPU.ActiveCfg = Debug|Any CPU
		{4C1A5BB2-5010-4D49-902C-1E3A95C6E3A7}.Debug|Any CPU.Build.0 = Debug|Any CPU
		{4C1A5BB2-5010-4D49-902C-1E3A95C6E3A7}.Release|Any CPU.ActiveCfg = Release|Any CPU
		{4C1A5BB2-5010-4D49-902C-1E3A95C6E3A7}.Release|Any CPU.Build.0 = Release|Any CPU
	EndGlobalSection
	GlobalSection(SolutionProperties) = preSolution
		HideSolutionNode = FALSE
	EndGlobalSection
	GlobalSection(ExtensibilityGlobals) = postSolution
		SolutionGuid = {415E6C16-0739-48EB-B649-4E01808F752F}
	EndGlobalSection
EndGlobal
